{"SurveyEntry":{"SurveyID":"SV_8fbjlbDWJH786mq","SurveyName":"UNO Student Experience Survey 1","SurveyDescription":null,"SurveyOwnerID":"UR_b9Qs7U0aGc8txLo","SurveyBrandID":"unomaha","DivisionID":null,"SurveyLanguage":"EN","SurveyActiveResponseSet":"RS_bvX9MMMbCGMp1rg","SurveyStatus":"Active","SurveyStartDate":"0000-00-00 00:00:00","SurveyExpirationDate":"0000-00-00 00:00:00","SurveyCreationDate":"2025-11-12 17:04:13","CreatorID":"UR_b9Qs7U0aGc8txLo","LastModified":"2025-12-07 13:19:22","LastAccessed":"0000-00-00 00:00:00","LastActivated":"2025-11-12 18:50:29","Deleted":null},"SurveyElements":[{"SurveyID":"SV_8fbjlbDWJH786mq","Element":"BL","PrimaryAttribute":"Survey Blocks","SecondaryAttribute":null,"TertiaryAttribute":null,"Payload":[{"Type":"Default","Description":"Demographics","ID":"BL_6YyXA2xFMI7ujMG","BlockElements":[{"Type":"Question","QuestionID":"QID1"},{"Type":"Question","QuestionID":"QID43"},{"Type":"Question","QuestionID":"QID3"},{"Type":"Question","QuestionID":"QID44"},{"Type":"Question","QuestionID":"QID5"},{"Type":"Question","QuestionID":"QID6"},{"Type":"Question","QuestionID":"QID7"},{"Type":"Question","QuestionID":"QID8"},{"Type":"Question","QuestionID":"QID9"},{"Type":"Question","QuestionID":"QID10"}],"Options":{"BlockLocking":"false","RandomizeQuestions":"RandomWithXPerPage","Randomization":{"Advanced":{"QuestionsPerPage":0}},"BlockVisibility":"Expanded"}},{"Type":"Trash","Description":"Trash \/ Unused Questions","ID":"BL_eVD8dPyI0EPhi2G","BlockElements":[]},{"Type":"Standard","SubType":"","Description":"Academic Performance","ID":"BL_b9KNj2zE2w7dUWy","BlockElements":[{"Type":"Question","QuestionID":"QID13"},{"Type":"Question","QuestionID":"QID14"},{"Type":"Question","QuestionID":"QID32"},{"Type":"Question","QuestionID":"QID31"},{"Type":"Question","QuestionID":"QID30"},{"Type":"Question","QuestionID":"QID29"}],"Options":{"BlockLocking":"false","RandomizeQuestions":"RandomWithXPerPage","BlockVisibility":"Expanded","Randomization":{"Advanced":{"QuestionsPerPage":0}}}},{"Type":"Standard","SubType":"","Description":"Financial Literacy","ID":"BL_8prkoeh5ghnk8OG","BlockElements":[{"Type":"Question","QuestionID":"QID37"},{"Type":"Question","QuestionID":"QID38"},{"Type":"Question","QuestionID":"QID39"},{"Type":"Question","QuestionID":"QID40"},{"Type":"Question","QuestionID":"QID41"}],"Options":{"BlockLocking":"false","RandomizeQuestions":"false","BlockVisibility":"Collapsed"}},{"Type":"Standard","SubType":"","Description":"Events","ID":"BL_0CfhpWoHqiHN8r4","BlockElements":[{"Type":"Question","QuestionID":"QID12"},{"Type":"Question","QuestionID":"QID18"},{"Type":"Question","QuestionID":"QID19"},{"Type":"Question","QuestionID":"QID20"},{"Type":"Question","QuestionID":"QID21"},{"Type":"Question","QuestionID":"QID22"},{"Type":"Question","QuestionID":"QID23"},{"Type":"Question","QuestionID":"QID24"},{"Type":"Question","QuestionID":"QID25"},{"Type":"Question","QuestionID":"QID27"},{"Type":"Question","QuestionID":"QID33"},{"Type":"Question","QuestionID":"QID34"},{"Type":"Question","QuestionID":"QID11"}],"Options":{"BlockLocking":"false","RandomizeQuestions":"RandomWithXPerPage","BlockVisibility":"Expanded","Randomization":{"Advanced":{"QuestionsPerPage":0}}}},{"Type":"Standard","SubType":"","Description":"Engagement","ID":"BL_cx6vRwLokDnB38O","BlockElements":[{"Type":"Question","QuestionID":"QID16"},{"Type":"Question","QuestionID":"QID15"},{"Type":"Question","QuestionID":"QID17"},{"Type":"Question","QuestionID":"QID28"},{"Type":"Question","QuestionID":"QID26"}],"Options":{"BlockLocking":"false","RandomizeQuestions":"false","BlockVisibility":"Expanded"}},{"Type":"Standard","SubType":"","Description":"Work","ID":"BL_bkGNtteAjNQ2emW","BlockElements":[{"Type":"Question","QuestionID":"QID35"},{"Type":"Question","QuestionID":"QID36"}],"Options":{"BlockLocking":"false","RandomizeQuestions":"false","BlockVisibility":"Expanded"}}]},{"SurveyID":"SV_8fbjlbDWJH786mq","Element":"FL","PrimaryAttribute":"Survey Flow","SecondaryAttribute":null,"TertiaryAttribute":null,"Payload":{"Flow":[{"ID":"BL_6YyXA2xFMI7ujMG","Type":"Block","FlowID":"FL_2"},{"ID":"BL_b9KNj2zE2w7dUWy","Type":"Standard","FlowID":"FL_3"},{"ID":"BL_cx6vRwLokDnB38O","Type":"Standard","FlowID":"FL_6"},{"ID":"BL_0CfhpWoHqiHN8r4","Type":"Standard","FlowID":"FL_5"},{"ID":"BL_bkGNtteAjNQ2emW","Type":"Standard","FlowID":"FL_7"},{"ID":"BL_8prkoeh5ghnk8OG","Type":"Standard","FlowID":"FL_4"}],"Properties":{"Count":7},"FlowID":"FL_1","Type":"Root"}},{"SurveyID":"SV_8fbjlbDWJH786mq","Element":"PL","PrimaryAttribute":"Preview Link","SecondaryAttribute":null,"TertiaryAttribute":null,"Payload":{"PreviewType":"Brand","PreviewID":"79278dbf-b7e4-468e-98d3-227414cdff69"}},{"SurveyID":"SV_8fbjlbDWJH786mq","Element":"PROJ","PrimaryAttribute":"CORE","SecondaryAttribute":null,"TertiaryAttribute":"1.1.0","Payload":{"ProjectCategory":"CORE","SchemaVersion":"1.1.0"}},{"SurveyID":"SV_8fbjlbDWJH786mq","Element":"QC","PrimaryAttribute":"Survey Question Count","SecondaryAttribute":"44","TertiaryAttribute":null,"Payload":null},{"SurveyID":"SV_8fbjlbDWJH786mq","Element":"RS","PrimaryAttribute":"RS_bvX9MMMbCGMp1rg","SecondaryAttribute":"Default Response Set","TertiaryAttribute":null,"Payload":null},{"SurveyID":"SV_8fbjlbDWJH786mq","Element":"SCO","PrimaryAttribute":"Scoring","SecondaryAttribute":null,"TertiaryAttribute":null,"Payload":{"ScoringCategories":[],"ScoringCategoryGroups":[],"ScoringSummaryCategory":null,"ScoringSummaryAfterQuestions":0,"ScoringSummaryAfterSurvey":0,"DefaultScoringCategory":null,"AutoScoringCategory":null}},{"SurveyID":"SV_8fbjlbDWJH786mq","Element":"SO","PrimaryAttribute":"Survey Options","SecondaryAttribute":null,"TertiaryAttribute":null,"Payload":{"BackButton":"false","SaveAndContinue":"true","SurveyProtection":"PublicSurvey","BallotBoxStuffingPrevention":"false","NoIndex":"Yes","SecureResponseFiles":"true","SurveyExpiration":"None","SurveyTermination":"DefaultMessage","Header":"","Footer":"","ProgressBarDisplay":"None","PartialData":"+1 week","ValidationMessage":null,"PreviousButton":"","NextButton":"","SurveyTitle":"Qualtrics Survey | Qualtrics Experience Management","SkinLibrary":"Qualtrics","SkinType":"templated","Skin":{"brandingId":null,"templateId":"*base","overrides":null},"NewScoring":1,"SurveyMetaDescription":"The most powerful, simple and trusted way to gather experience data. Start your journey to experience management and try a free account today.","SurveyName":"UNO Student Experience Survey 1","EOSMessage":null,"ShowExportTags":"false","CollectGeoLocation":"false","PasswordProtection":"No","AnonymizeResponse":"No","RefererCheck":"No","BallotBoxStuffingPreventionBehavior":null,"BallotBoxStuffingPreventionMessage":null,"BallotBoxStuffingPreventionMessageLibrary":null,"BallotBoxStuffingPreventionURL":null,"RecaptchaV3":"false","ConfirmStart":false,"AutoConfirmStart":false,"RelevantID":"false","RelevantIDLockoutPeriod":"+30 days","UseCustomSurveyLinkCompletedMessage":null,"SurveyLinkCompletedMessage":null,"SurveyLinkCompletedMessageLibrary":null,"ResponseSummary":"No","EOSMessageLibrary":null,"EOSRedirectURL":null,"EmailThankYou":"false","ThankYouEmailMessageLibrary":null,"ThankYouEmailMessage":null,"ValidateMessage":"false","ValidationMessageLibrary":null,"InactiveSurvey":null,"PartialDeletion":null,"PartialDataCloseAfter":"LastActivity","InactiveMessageLibrary":null,"InactiveMessage":null,"AvailableLanguages":{"EN":[]},"ProtectSelectionIds":true}},{"SurveyID":"SV_8fbjlbDWJH786mq","Element":"SQ","PrimaryAttribute":"QID1","SecondaryAttribute":"How old are you?","TertiaryAttribute":null,"Payload":{"ChoiceOrder":[1,2,3,4,5,6,7],"Choices":{"1":{"Display":"Under 18"},"2":{"Display":"18-24 years old"},"3":{"Display":"25-34 years old"},"4":{"Display":"35-44 years old"},"5":{"Display":"45-54 years old"},"6":{"Display":"55-64 years old"},"7":{"Display":"65+ years old"}},"Configuration":{"QuestionDescriptionOption":"UseText"},"DataExportTag":"Q1","DataVisibility":{"Hidden":false,"Private":false},"GradingData":[],"Language":{"DE":{"Choices":{"1":{"Display":"Unter 18"},"2":{"Display":"18-24 Jahre"},"3":{"Display":"25-34 Jahre"},"4":{"Display":"35-44 Jahre"},"5":{"Display":"45-54 Jahre"},"6":{"Display":"55-64 Jahre"},"7":{"Display":"Ab 65 Jahre"}},"QuestionText":"Alter"},"EN-GB":{"Choices":{"1":{"Display":"Under 18"},"2":{"Display":"18-24 years old"},"3":{"Display":"25-34 years old"},"4":{"Display":"35-44 years old"},"5":{"Display":"45-54 years old"},"6":{"Display":"55-64 years old"},"7":{"Display":"65+ years old"}},"QuestionText":"How old are you?"},"ES":{"Choices":{"1":{"Display":"Menor de 18"},"2":{"Display":"Entre 18 y 24 a\u00f1os de edad"},"3":{"Display":"Entre 25 y 34 a\u00f1os de edad"},"4":{"Display":"Entre 35 y 44 a\u00f1os de edad"},"5":{"Display":"Entre 45 y 54 a\u00f1os de edad"},"6":{"Display":"Entre 55 y 64 a\u00f1os de edad"},"7":{"Display":"M\u00e1s de 65 a\u00f1os de edad"}},"QuestionText":"\u00bfQu\u00e9 edad tiene?"},"ES-ES":{"Choices":{"1":{"Display":"Menos de 18\u00a0a\u00f1os"},"2":{"Display":"18-24 a\u00f1os"},"3":{"Display":"25-34 a\u00f1os"},"4":{"Display":"35-44 a\u00f1os"},"5":{"Display":"45-54 a\u00f1os"},"6":{"Display":"55-64 a\u00f1os"},"7":{"Display":"+65 a\u00f1os"}},"QuestionText":"\u00bfQu\u00e9 edad tiene?"},"FR":{"Choices":{"1":{"Display":"Moins de 18\u00a0ans"},"2":{"Display":"Entre 18 et 24 ans"},"3":{"Display":"Entre 25 et 34 ans"},"4":{"Display":"Entre 35 et 44 ans"},"5":{"Display":"Entre 45 et 54 ans"},"6":{"Display":"Entre 55 et 64 ans"},"7":{"Display":"+ de 65 ans"}},"QuestionText":"Quel \u00e2ge avez-vous\u00a0?"},"IT":{"Choices":{"1":{"Display":"Meno di 18 anni"},"2":{"Display":"18-24 anni"},"3":{"Display":"25-34 anni"},"4":{"Display":"35-44 anni"},"5":{"Display":"45-54 anni"},"6":{"Display":"55-64 anni"},"7":{"Display":"Dai 65 anni in su"}},"QuestionText":"Quanti anni hai?"},"JA":{"Choices":{"1":{"Display":"17\u6b73\u4ee5\u4e0b"},"2":{"Display":"18-24\u6b73"},"3":{"Display":"25-34\u6b73"},"4":{"Display":"35-44\u6b73"},"5":{"Display":"45-54\u6b73"},"6":{"Display":"55-64\u6b73"},"7":{"Display":"65\u6b73\u4ee5\u4e0a"}},"QuestionText":"\u5e74\u9f62\u3092\u304a\u7b54\u3048\u304f\u3060\u3055\u3044\u3002"},"KO":{"Choices":{"1":{"Display":"\ub9cc 18\uc138 \ubbf8\ub9cc"},"2":{"Display":"18~24\uc138"},"3":{"Display":"25~34\uc138"},"4":{"Display":"35~44\uc138"},"5":{"Display":"45~54\uc138"},"6":{"Display":"55~64\uc138"},"7":{"Display":"65\uc138 \uc774\uc0c1"}},"QuestionText":"\ub098\uc774\ub294 \uba87 \uc0b4\uc785\ub2c8\uae4c?"},"NL":{"Choices":{"1":{"Display":"Jonger dan 18"},"2":{"Display":"18-24 jaar"},"3":{"Display":"25-34 jaar"},"4":{"Display":"35-44 jaar"},"5":{"Display":"45-54 jaar"},"6":{"Display":"55-64 jaar"},"7":{"Display":"65+"}},"QuestionText":"Hoe oud bent u?"},"PT-BR":{"Choices":{"1":{"Display":"Menos de 18"},"2":{"Display":"18 a 24 anos"},"3":{"Display":"25 a 34 anos"},"4":{"Display":"35 a 44 anos"},"5":{"Display":"45 a 54 anos"},"6":{"Display":"55 a 64 anos"},"7":{"Display":"65 anos ou mais"}},"QuestionText":"Qual \u00e9 a sua idade?"},"ZH-S":{"Choices":{"1":{"Display":"18 \u5c81\u4ee5\u4e0b"},"2":{"Display":"18-24 \u5c81"},"3":{"Display":"25-34 \u5c81"},"4":{"Display":"35-44 \u5c81"},"5":{"Display":"45-54 \u5c81"},"6":{"Display":"55-64 \u5c81"},"7":{"Display":"65 \u5c81\u4ee5\u4e0a"}},"QuestionText":"\u60a8\u7684\u5e74\u9f84\u662f\uff1f"},"ZH-T":{"Choices":{"1":{"Display":"\u4e0d\u5230 18 \u6b72"},"2":{"Display":"18-24 \u6b72"},"3":{"Display":"25-34 \u6b72"},"4":{"Display":"35-44 \u6b72"},"5":{"Display":"45-54 \u6b72"},"6":{"Display":"55-64 \u6b72"},"7":{"Display":"65 \u6b72\u4ee5\u4e0a"}},"QuestionText":"\u60a8\u5e7e\u6b72\uff1f"}},"NextAnswerId":1,"NextChoiceId":8,"QuestionDescription":"How old are you?","QuestionID":"QID1","QuestionText":"How old are you?","QuestionText_Unsafe":"How old are you?","QuestionType":"MC","ReferenceQuestionConfig":{"instanceOf":{"id":"RQ_OhWcN0iu9Pioww2","version":"v2.0.0"}},"SchemaConfig":{"ChoiceMapping":{"1":"enu:\/\/lessthan18","2":"enu:\/\/18-24","3":"enu:\/\/25-34","4":"enu:\/\/35-44","5":"enu:\/\/45-54","6":"enu:\/\/55-64","7":"enu:\/\/65andolder"},"ChoiceMappingType":"Member","ConfigVersion":"1.0.0","Reconfirm":true,"URL":"ses:\/\/agerange","XMDConnect":true},"Selector":"SAVR","SubSelector":"TX","Validation":{"Settings":{"ForceResponse":"OFF","ForceResponseType":"ON","Type":"None"}}}},{"SurveyID":"SV_8fbjlbDWJH786mq","Element":"SQ","PrimaryAttribute":"QID10","SecondaryAttribute":"Did one or both of your parents graduate from college?","TertiaryAttribute":null,"Payload":{"QuestionText":"Did one or both of your parents graduate from college?","DataExportTag":"Q10","QuestionType":"MC","Selector":"SAVR","SubSelector":"TX","DataVisibility":{"Private":false,"Hidden":false},"Configuration":{"QuestionDescriptionOption":"UseText"},"QuestionDescription":"Did one or both of your parents graduate from college?","Choices":{"1":{"Display":"Yes."},"2":{"Display":"No."}},"ChoiceOrder":[1,2],"Validation":{"Settings":{"ForceResponse":"OFF","Type":"None"}},"Language":[],"NextChoiceId":3,"NextAnswerId":1,"QuestionID":"QID10"}},{"SurveyID":"SV_8fbjlbDWJH786mq","Element":"SQ","PrimaryAttribute":"QID11","SecondaryAttribute":"Are you attending UNO on a sports or academic scholarship?","TertiaryAttribute":null,"Payload":{"QuestionText":"Are you attending UNO on a sports or academic scholarship?","DataExportTag":"Q11","QuestionType":"MC","Selector":"SAVR","SubSelector":"TX","DataVisibility":{"Private":false,"Hidden":false},"Configuration":{"QuestionDescriptionOption":"UseText"},"QuestionDescription":"Are you attending UNO on a sports or academic scholarship?","Choices":{"1":{"Display":"Yes."},"2":{"Display":"No."},"3":{"Display":"Prefer not to say."}},"ChoiceOrder":["1","2","3"],"Validation":{"Settings":{"ForceResponse":"OFF","Type":"None"}},"Language":[],"NextChoiceId":4,"NextAnswerId":1,"QuestionID":"QID11"}},{"SurveyID":"SV_8fbjlbDWJH786mq","Element":"SQ","PrimaryAttribute":"QID12","SecondaryAttribute":"Are you a member of a learning community? e.g.\u00a0Thompson Learning Community, Scott Scholars, Unive..","TertiaryAttribute":null,"Payload":{"QuestionText":"Are you a member of a learning community?<br>e.g.&nbsp;Thompson Learning Community, Scott Scholars, University Honors, Goodrich Scholarship Program, etc.<br>","DataExportTag":"Q12","QuestionType":"MC","Selector":"SAVR","SubSelector":"TX","DataVisibility":{"Private":false,"Hidden":false},"Configuration":{"QuestionDescriptionOption":"UseText"},"QuestionDescription":"Are you a member of a learning community? e.g.\u00a0Thompson Learning Community, Scott Scholars, Unive...","Choices":{"1":{"Display":"Yes."},"2":{"Display":"No."},"3":{"Display":"Prefer not to say."}},"ChoiceOrder":[1,2,3],"Validation":{"Settings":{"ForceResponse":"OFF","Type":"None"}},"Language":[],"NextChoiceId":4,"NextAnswerId":1,"QuestionID":"QID12"}},{"SurveyID":"SV_8fbjlbDWJH786mq","Element":"SQ","PrimaryAttribute":"QID13","SecondaryAttribute":"What is your current GPA?","TertiaryAttribute":null,"Payload":{"QuestionText":"What is your current GPA?","DataExportTag":"Q13","QuestionType":"MC","Selector":"SAVR","SubSelector":"TX","DataVisibility":{"Private":false,"Hidden":false},"Configuration":{"QuestionDescriptionOption":"UseText"},"QuestionDescription":"What is your current GPA?","Choices":{"1":{"Display":"3.75+"},"2":{"Display":"3.5-3.75"},"3":{"Display":"3.25-3.5"},"4":{"Display":"3.0-3.25"},"5":{"Display":"2.5-3.0"},"6":{"Display":"2.5 or lower"}},"ChoiceOrder":[1,2,3,4,5,6],"Validation":{"Settings":{"ForceResponse":"OFF","Type":"None"}},"Language":[],"NextChoiceId":7,"NextAnswerId":1,"QuestionID":"QID13"}},{"SurveyID":"SV_8fbjlbDWJH786mq","Element":"SQ","PrimaryAttribute":"QID14","SecondaryAttribute":"About how many hours per week do you spend on academic work outside of class?","TertiaryAttribute":null,"Payload":{"QuestionText":"About how many hours per week do you spend on academic work outside of class?<br>","DataExportTag":"Q14","QuestionType":"MC","Selector":"SAVR","SubSelector":"TX","DataVisibility":{"Private":false,"Hidden":false},"Configuration":{"QuestionDescriptionOption":"UseText"},"QuestionDescription":"About how many hours per week do you spend on academic work outside of class?","Choices":{"1":{"Display":"5 or fewer hours."},"2":{"Display":"6 - 10 hours."},"3":{"Display":"11 - 15 hours."},"4":{"Display":"16 - 20 hours."},"5":{"Display":"21 - 25 hours."},"6":{"Display":"Greater than 25 hours."}},"ChoiceOrder":[1,2,3,4,5,6],"Validation":{"Settings":{"ForceResponse":"OFF","Type":"None"}},"Language":[],"NextChoiceId":7,"NextAnswerId":1,"QuestionID":"QID14"}},{"SurveyID":"SV_8fbjlbDWJH786mq","Element":"SQ","PrimaryAttribute":"QID15","SecondaryAttribute":"I enjoy college.","TertiaryAttribute":null,"Payload":{"QuestionText":"I enjoy college.","DataExportTag":"Q15","QuestionType":"MC","Selector":"SAVR","SubSelector":"TX","DataVisibility":{"Private":false,"Hidden":false},"Configuration":{"QuestionDescriptionOption":"UseText"},"QuestionDescription":"I enjoy college.","Choices":{"1":{"Display":"Strongly agree."},"2":{"Display":"Agree."},"3":{"Display":"Neutral."},"4":{"Display":"Disagree."},"5":{"Display":"Strongly disagree."}},"ChoiceOrder":[1,2,3,4,5],"Validation":{"Settings":{"ForceResponse":"OFF","Type":"None"}},"Language":[],"NextChoiceId":6,"NextAnswerId":1,"QuestionID":"QID15"}},{"SurveyID":"SV_8fbjlbDWJH786mq","Element":"SQ","PrimaryAttribute":"QID16","SecondaryAttribute":"If I could start over, I would attend UNO again.","TertiaryAttribute":null,"Payload":{"QuestionText":"If I could start over, I would attend UNO again.","DataExportTag":"Q16","QuestionType":"MC","Selector":"SAVR","SubSelector":"TX","DataVisibility":{"Private":false,"Hidden":false},"Configuration":{"QuestionDescriptionOption":"UseText"},"QuestionDescription":"If I could start over, I would attend UNO again.","Choices":{"1":{"Display":"Strongly agree."},"2":{"Display":"Agree."},"3":{"Display":"Neutral."},"4":{"Display":"Disagree."},"5":{"Display":"Strongly disagree."}},"ChoiceOrder":[1,2,3,4,5],"Validation":{"Settings":{"ForceResponse":"OFF","Type":"None"}},"Language":[],"NextChoiceId":6,"NextAnswerId":1,"QuestionID":"QID16"}},{"SurveyID":"SV_8fbjlbDWJH786mq","Element":"SQ","PrimaryAttribute":"QID17","SecondaryAttribute":"I feel a sense of belonging in our university community.","TertiaryAttribute":null,"Payload":{"QuestionText":"I feel a sense of belonging in our university community.","DataExportTag":"Q17","QuestionType":"MC","Selector":"SAVR","SubSelector":"TX","DataVisibility":{"Private":false,"Hidden":false},"Configuration":{"QuestionDescriptionOption":"UseText"},"QuestionDescription":"I feel a sense of belonging in our university community.","Choices":{"1":{"Display":"Strongly agree."},"2":{"Display":"Agree."},"3":{"Display":"Neutral."},"4":{"Display":"Disagree."},"5":{"Display":"Strongly disagree."}},"ChoiceOrder":[1,2,3,4,5],"Validation":{"Settings":{"ForceResponse":"OFF","Type":"None"}},"Language":[],"NextChoiceId":6,"NextAnswerId":1,"QuestionID":"QID17"}},{"SurveyID":"SV_8fbjlbDWJH786mq","Element":"SQ","PrimaryAttribute":"QID18","SecondaryAttribute":"Have you attended a UNO Career fair in the past 12 months?","TertiaryAttribute":null,"Payload":{"QuestionText":"Have you attended a UNO Career fair in the past 12 months?","DataExportTag":"Q18","QuestionType":"MC","Selector":"SAVR","SubSelector":"TX","DataVisibility":{"Private":false,"Hidden":false},"Configuration":{"QuestionDescriptionOption":"UseText"},"QuestionDescription":"Have you attended a UNO Career fair in the past 12 months?","Choices":{"1":{"Display":"Yes."},"2":{"Display":"No."}},"ChoiceOrder":[1,2],"Validation":{"Settings":{"ForceResponse":"OFF","Type":"None"}},"Language":[],"NextChoiceId":3,"NextAnswerId":1,"QuestionID":"QID18"}},{"SurveyID":"SV_8fbjlbDWJH786mq","Element":"SQ","PrimaryAttribute":"QID19","SecondaryAttribute":"Are you a member of a student body organization?","TertiaryAttribute":null,"Payload":{"QuestionText":"Are you a member of a student body organization?","DataExportTag":"Q19","QuestionType":"MC","Selector":"SAVR","SubSelector":"TX","DataVisibility":{"Private":false,"Hidden":false},"Configuration":{"QuestionDescriptionOption":"UseText"},"QuestionDescription":"Are you a member of a student body organization?","Choices":{"1":{"Display":"Yes."},"2":{"Display":"No."}},"ChoiceOrder":[1,2],"Validation":{"Settings":{"ForceResponse":"OFF","Type":"None"}},"Language":[],"NextChoiceId":3,"NextAnswerId":1,"QuestionID":"QID19"}},{"SurveyID":"SV_8fbjlbDWJH786mq","Element":"SQ","PrimaryAttribute":"QID20","SecondaryAttribute":"How many times have you attended a UNO athletic event in the past 12 months?","TertiaryAttribute":null,"Payload":{"QuestionText":"How many times have you attended a UNO athletic event in the past 12 months?","DataExportTag":"Q20","QuestionType":"MC","Selector":"SAVR","SubSelector":"TX","DataVisibility":{"Private":false,"Hidden":false},"Configuration":{"QuestionDescriptionOption":"UseText"},"QuestionDescription":"How many times have you attended a UNO athletic event in the past 12 months?","Choices":{"1":{"Display":"0"},"2":{"Display":"1"},"3":{"Display":"2"},"4":{"Display":"3"},"5":{"Display":"4+"}},"ChoiceOrder":["1","2","3","4","5"],"Validation":{"Settings":{"ForceResponse":"OFF","Type":"None"}},"Language":[],"NextChoiceId":6,"NextAnswerId":1,"QuestionID":"QID20"}},{"SurveyID":"SV_8fbjlbDWJH786mq","Element":"SQ","PrimaryAttribute":"QID21","SecondaryAttribute":"How many times have you attended a UNO fine arts event in the past 12 months?","TertiaryAttribute":null,"Payload":{"QuestionText":"How many times have you attended a UNO fine arts event in the past 12 months?","DataExportTag":"Q21","QuestionType":"MC","Selector":"SAVR","SubSelector":"TX","DataVisibility":{"Private":false,"Hidden":false},"Configuration":{"QuestionDescriptionOption":"UseText"},"QuestionDescription":"How many times have you attended a UNO fine arts event in the past 12 months?","Choices":{"1":{"Display":"0"},"2":{"Display":"1"},"3":{"Display":"2"},"4":{"Display":"3"},"5":{"Display":"4+"}},"ChoiceOrder":["1","2","3","4","5"],"Validation":{"Settings":{"ForceResponse":"OFF","Type":"None"}},"Language":[],"NextChoiceId":6,"NextAnswerId":1,"QuestionID":"QID21"}},{"SurveyID":"SV_8fbjlbDWJH786mq","Element":"SQ","PrimaryAttribute":"QID22","SecondaryAttribute":"How many times have you been to the wellness or recreation center in the past 12 months?","TertiaryAttribute":null,"Payload":{"QuestionText":"How many times have you been to the wellness or recreation center in the past 12 months?","DataExportTag":"Q22","QuestionType":"MC","Selector":"SAVR","SubSelector":"TX","DataVisibility":{"Private":false,"Hidden":false},"Configuration":{"QuestionDescriptionOption":"UseText"},"QuestionDescription":"How many times have you been to the wellness or recreation center in the past 12 months?","Choices":{"1":{"Display":"0"},"2":{"Display":"1"},"3":{"Display":"2"},"4":{"Display":"3"},"5":{"Display":"4+"}},"ChoiceOrder":["1","2","3","4","5"],"Validation":{"Settings":{"ForceResponse":"OFF","Type":"None"}},"Language":[],"NextChoiceId":6,"NextAnswerId":1,"QuestionID":"QID22"}},{"SurveyID":"SV_8fbjlbDWJH786mq","Element":"SQ","PrimaryAttribute":"QID23","SecondaryAttribute":"How many times have you attended Durango Days events in the past 12 months?","TertiaryAttribute":null,"Payload":{"QuestionText":"How many times have you attended Durango Days events in the past 12 months?","DataExportTag":"Q23","QuestionType":"MC","Selector":"SAVR","SubSelector":"TX","DataVisibility":{"Private":false,"Hidden":false},"Configuration":{"QuestionDescriptionOption":"UseText"},"QuestionDescription":"How many times have you attended Durango Days events in the past 12 months?","Choices":{"1":{"Display":"0"},"2":{"Display":"1"},"3":{"Display":"2"},"4":{"Display":"3"},"5":{"Display":"4+"}},"ChoiceOrder":["1","2","3","4","5"],"Validation":{"Settings":{"ForceResponse":"OFF","Type":"None"}},"Language":[],"NextChoiceId":6,"NextAnswerId":1,"QuestionID":"QID23"}},{"SurveyID":"SV_8fbjlbDWJH786mq","Element":"SQ","PrimaryAttribute":"QID24","SecondaryAttribute":"In the past 12 months, how many times have you attended an appointment at the UNO Writing Center,...","TertiaryAttribute":null,"Payload":{"QuestionText":"In the past 12 months, how many times have you attended an appointment at the UNO Writing Center, the UNO Speech Center, the UNO Math Science Learning Center, or any of the UNO CBA Tutoring Labs?","DataExportTag":"Q24","QuestionType":"MC","Selector":"SAVR","SubSelector":"TX","DataVisibility":{"Private":false,"Hidden":false},"Configuration":{"QuestionDescriptionOption":"UseText"},"QuestionDescription":"In the past 12 months, how many times have you attended an appointment at the UNO Writing Center,...","Choices":{"1":{"Display":"0"},"2":{"Display":"1"},"3":{"Display":"2"},"4":{"Display":"3"},"5":{"Display":"4+"}},"ChoiceOrder":[1,2,3,4,5],"Validation":{"Settings":{"ForceResponse":"OFF","Type":"None"}},"Language":[],"NextChoiceId":6,"NextAnswerId":1,"QuestionID":"QID24"}},{"SurveyID":"SV_8fbjlbDWJH786mq","Element":"SQ","PrimaryAttribute":"QID25","SecondaryAttribute":"How many times have you attended any other UNO or campus based event in the past 12 months?","TertiaryAttribute":null,"Payload":{"QuestionText":"How many times have you attended any other UNO or campus based event in the past 12 months?","DataExportTag":"Q25","QuestionType":"MC","Selector":"SAVR","SubSelector":"TX","DataVisibility":{"Private":false,"Hidden":false},"Configuration":{"QuestionDescriptionOption":"UseText"},"QuestionDescription":"How many times have you attended any other UNO or campus based event in the past 12 months?","Choices":{"1":{"Display":"0"},"2":{"Display":"1"},"3":{"Display":"2"},"4":{"Display":"3"},"5":{"Display":"4+"}},"ChoiceOrder":[1,2,3,4,5],"Validation":{"Settings":{"ForceResponse":"OFF","Type":"None"}},"Language":[],"NextChoiceId":6,"NextAnswerId":1,"QuestionID":"QID25"}},{"SurveyID":"SV_8fbjlbDWJH786mq","Element":"SQ","PrimaryAttribute":"QID26","SecondaryAttribute":"How connected do you feel to the UNO staff?","TertiaryAttribute":null,"Payload":{"QuestionText":"How connected do you feel to the UNO staff?","DataExportTag":"Q26","QuestionType":"MC","Selector":"SAVR","SubSelector":"TX","DataVisibility":{"Private":false,"Hidden":false},"Configuration":{"QuestionDescriptionOption":"UseText"},"QuestionDescription":"How connected do you feel to the UNO staff?","Choices":{"1":{"Display":"Connected."},"2":{"Display":"Somewhat connected."},"3":{"Display":"Neutral."},"4":{"Display":"Not connected at all."}},"ChoiceOrder":[1,2,3,4],"Validation":{"Settings":{"ForceResponse":"OFF","Type":"None"}},"Language":[],"NextChoiceId":5,"NextAnswerId":1,"QuestionID":"QID26"}},{"SurveyID":"SV_8fbjlbDWJH786mq","Element":"SQ","PrimaryAttribute":"QID27","SecondaryAttribute":"Did you attend any workshops geared towards helping you transition into college life?","TertiaryAttribute":null,"Payload":{"QuestionText":"Did you attend any workshops geared towards helping you transition into college life?","DataExportTag":"Q27","QuestionType":"MC","Selector":"SAVR","SubSelector":"TX","DataVisibility":{"Private":false,"Hidden":false},"Configuration":{"QuestionDescriptionOption":"UseText"},"QuestionDescription":"Did you attend any workshops geared towards helping you transition into college life?","Choices":{"1":{"Display":"Yes."},"2":{"Display":"No."}},"ChoiceOrder":[1,2],"Validation":{"Settings":{"ForceResponse":"OFF","Type":"None"}},"Language":[],"NextChoiceId":3,"NextAnswerId":1,"QuestionID":"QID27"}},{"SurveyID":"SV_8fbjlbDWJH786mq","Element":"SQ","PrimaryAttribute":"QID28","SecondaryAttribute":"How connected do you feel to your UNO peers?","TertiaryAttribute":null,"Payload":{"QuestionText":"How connected do you feel to your UNO peers?","DataExportTag":"Q28","QuestionType":"MC","Selector":"SAVR","SubSelector":"TX","DataVisibility":{"Private":false,"Hidden":false},"Configuration":{"QuestionDescriptionOption":"UseText"},"QuestionDescription":"How connected do you feel to your UNO peers?","Choices":{"1":{"Display":"Connected."},"2":{"Display":"Somewhat connected."},"3":{"Display":"Neutral."},"4":{"Display":"Not connected at all."}},"ChoiceOrder":[1,2,3,4],"Validation":{"Settings":{"ForceResponse":"OFF","Type":"None"}},"Language":[],"NextChoiceId":5,"NextAnswerId":1,"QuestionID":"QID28"}},{"SurveyID":"SV_8fbjlbDWJH786mq","Element":"SQ","PrimaryAttribute":"QID29","SecondaryAttribute":"Since beginning classes at UNO, how would you say your study habits have changed?","TertiaryAttribute":null,"Payload":{"QuestionText":"Since beginning classes at UNO, how would you say your study habits have changed?","DefaultChoices":false,"DataExportTag":"Q29","QuestionID":"QID29","QuestionType":"MC","Selector":"SAVR","SubSelector":"TX","DataVisibility":{"Private":false,"Hidden":false},"Configuration":{"QuestionDescriptionOption":"UseText"},"QuestionDescription":"Since beginning classes at UNO, how would you say your study habits have changed?","Choices":{"1":{"Display":"I study more than before."},"2":{"Display":"My study habits have not changed."},"3":{"Display":"I study less than before."}},"ChoiceOrder":["1","2","3"],"Validation":{"Settings":{"ForceResponse":"OFF","Type":"None"}},"GradingData":[],"Language":[],"NextChoiceId":4,"NextAnswerId":1}},{"SurveyID":"SV_8fbjlbDWJH786mq","Element":"SQ","PrimaryAttribute":"QID3","SecondaryAttribute":"What is your current marital status?","TertiaryAttribute":null,"Payload":{"ChoiceOrder":[1,2,3,4,5],"Choices":{"1":{"Display":"Married"},"2":{"Display":"Living with a partner"},"3":{"Display":"Widowed"},"4":{"Display":"Divorced\/Separated"},"5":{"Display":"Never been married"}},"Configuration":{"QuestionDescriptionOption":"UseText"},"DataExportTag":"Q3","DataVisibility":{"Hidden":false,"Private":false},"GradingData":[],"Language":{"DE":{"Choices":{"1":{"Display":"Verheiratet"},"2":{"Display":"In Partnerschaft lebend"},"3":{"Display":"Verwitwet"},"4":{"Display":"Geschieden\/getrennt"},"5":{"Display":"Noch nie verheiratet gewesen"}},"QuestionText":"Wie lautet Ihr derzeitiger Familienstand?"},"EN-GB":{"Choices":{"1":{"Display":"Married"},"2":{"Display":"Living with a partner"},"3":{"Display":"Widowed"},"4":{"Display":"Divorced\/Separated"},"5":{"Display":"Never been married"}},"QuestionText":"What is your current marital status?"},"ES":{"Choices":{"1":{"Display":"Casado"},"2":{"Display":"Convive con la pareja"},"3":{"Display":"Viudo"},"4":{"Display":"Divorciado\/separado"},"5":{"Display":"Soltero"}},"QuestionText":"\u00bfCu\u00e1l es su estado marital actual?"},"ES-ES":{"Choices":{"1":{"Display":"Casada\/o"},"2":{"Display":"Vivo en pareja"},"3":{"Display":"Viuda\/o"},"4":{"Display":"Divorciado\/a \/ Separado\/a"},"5":{"Display":"Nunca casado"}},"QuestionText":"\u00bfCu\u00e1l es su estado civil actual?"},"FR":{"Choices":{"1":{"Display":"Mari\u00e9(e)"},"2":{"Display":"En concubinage"},"3":{"Display":"Veuf (veuve)"},"4":{"Display":"Divorc\u00e9(e)\/S\u00e9par\u00e9(e)"},"5":{"Display":"C\u00e9libataire"}},"QuestionText":"Quelle est votre situation familiale actuelle\u00a0?"},"IT":{"Choices":{"1":{"Display":"Coniugato\/a"},"2":{"Display":"Convivente con un partner"},"3":{"Display":"Vedovo\/a"},"4":{"Display":"Divorziato\/a \/ Separato\/a"},"5":{"Display":"Mai stato\/a sposato\/a"}},"QuestionText":"Qual \u00e8 il tuo attuale stato civile?"},"JA":{"Choices":{"1":{"Display":"\u65e2\u5a5a\u8005"},"2":{"Display":"\u30d1\u30fc\u30c8\u30ca\u30fc\u3068\u540c\u5c45"},"3":{"Display":"\u672a\u4ea1\u4eba"},"4":{"Display":"\u96e2\u5a5a\uff0f\u5225\u5c45"},"5":{"Display":"\u672a\u5a5a"}},"QuestionText":"\u73fe\u5728\u306e\u5a5a\u59fb\u72b6\u6cc1\u3092\u304a\u7b54\u3048\u304f\u3060\u3055\u3044\u3002"},"KO":{"Choices":{"1":{"Display":"\uacb0\ud63c\ud55c \uc0ac\ub78c"},"2":{"Display":"\ub3d9\uac70 \uc911"},"3":{"Display":"\ubbf8\ub9dd\uc778"},"4":{"Display":"\uc774\ud63c\/\ubcc4\uac70"},"5":{"Display":"\ubbf8\ud63c"}},"QuestionText":"\uadc0\ud558\uc758 \ud604\uc7ac \uacb0\ud63c \uc0c1\ud0dc\ub294 \uc5b4\ub5bb\uac8c \ub429\ub2c8\uae4c?"},"NL":{"Choices":{"1":{"Display":"Gehuwd"},"2":{"Display":"Samenwonend"},"3":{"Display":"Weduwe\/weduwnaar"},"4":{"Display":"Gescheiden"},"5":{"Display":"Nooit gehuwd geweest"}},"QuestionText":"Wat is uw huidige burgerlijke staat?"},"PT-BR":{"Choices":{"1":{"Display":"Casado"},"2":{"Display":"Morando com um parceiro"},"3":{"Display":"Vi\u00favo"},"4":{"Display":"Divorciado\/Separado"},"5":{"Display":"Nunca se casou"}},"QuestionText":"Qual \u00e9 o seu estado civil atual?"},"ZH-S":{"Choices":{"1":{"Display":"\u5df2\u5a5a"},"2":{"Display":"\u4e0e\u4f34\u4fa3\u540c\u5c45"},"3":{"Display":"\u4e27\u5076"},"4":{"Display":"\u79bb\u5a5a\/\u5206\u5c45"},"5":{"Display":"\u4ece\u672a\u7ed3\u5a5a"}},"QuestionText":"\u60a8\u76ee\u524d\u7684\u5a5a\u59fb\u72b6\u51b5\u5982\u4f55\uff1f"},"ZH-T":{"Choices":{"1":{"Display":"\u5df2\u5a5a"},"2":{"Display":"\u8207\u4f34\u4fb6\u540c\u4f4f"},"3":{"Display":"\u9ccf\u5c45"},"4":{"Display":"\u96e2\u5a5a\/\u5206\u5c45"},"5":{"Display":"\u672a\u5a5a"}},"QuestionText":"\u60a8\u76ee\u524d\u7684\u5a5a\u59fb\u72c0\u614b\u662f\uff1f"}},"NextAnswerId":1,"NextChoiceId":6,"QuestionDescription":"What is your current marital status?","QuestionID":"QID3","QuestionText":"What is your current marital status?","QuestionText_Unsafe":"What is your current marital status?","QuestionType":"MC","ReferenceQuestionConfig":{"instanceOf":{"id":"RQ_UkpoWSdtW0eXbKB","version":"v2.0.0"}},"SchemaConfig":{"ChoiceMapping":{"1":"enu:\/\/married","2":"enu:\/\/partner","3":"enu:\/\/widowed","4":"enu:\/\/separated","5":"enu:\/\/nevermarried"},"ChoiceMappingType":"Member","ConfigVersion":"1.0.0","Reconfirm":true,"URL":"ses:\/\/maritalstatus","XMDConnect":true},"Selector":"SAVR","SubSelector":"TX","Validation":{"Settings":{"ForceResponse":"OFF","ForceResponseType":"ON","Type":"None"}}}},{"SurveyID":"SV_8fbjlbDWJH786mq","Element":"SQ","PrimaryAttribute":"QID30","SecondaryAttribute":"Since beginning classes at UNO, how would you say your time management skills have changed?","TertiaryAttribute":null,"Payload":{"QuestionText":"Since beginning classes at UNO, how would you say your time management skills have changed?","DataExportTag":"Q30","QuestionType":"MC","Selector":"SAVR","SubSelector":"TX","DataVisibility":{"Private":false,"Hidden":false},"Configuration":{"QuestionDescriptionOption":"UseText"},"QuestionDescription":"Since beginning classes at UNO, how would you say your time management skills have changed?","Choices":{"1":{"Display":"My time management skills have improved."},"2":{"Display":"My time management skills have stayed the same."},"3":{"Display":"My time management skills have worsened."}},"ChoiceOrder":["1","2","3"],"Validation":{"Settings":{"ForceResponse":"OFF","Type":"None"}},"Language":[],"NextChoiceId":4,"NextAnswerId":1,"QuestionID":"QID30"}},{"SurveyID":"SV_8fbjlbDWJH786mq","Element":"SQ","PrimaryAttribute":"QID31","SecondaryAttribute":"Since beginning classes at UNO, how would you say your academic performance has changed?","TertiaryAttribute":null,"Payload":{"QuestionText":"Since beginning classes at UNO, how would you say your academic performance has changed?","DataExportTag":"Q31","QuestionType":"MC","Selector":"SAVR","SubSelector":"TX","DataVisibility":{"Private":false,"Hidden":false},"Configuration":{"QuestionDescriptionOption":"UseText"},"QuestionDescription":"Since beginning classes at UNO, how would you say your academic performance has changed?","Choices":{"1":{"Display":"My grades have improved on average."},"2":{"Display":"My grades have stayed the same on average."},"3":{"Display":"My grades have worsened on average."}},"ChoiceOrder":["1","2","3"],"Validation":{"Settings":{"ForceResponse":"OFF","Type":"None"}},"Language":[],"NextChoiceId":4,"NextAnswerId":1,"QuestionID":"QID31"}},{"SurveyID":"SV_8fbjlbDWJH786mq","Element":"SQ","PrimaryAttribute":"QID32","SecondaryAttribute":"Since beginning classes at UNO, how would you say your motivation to complete your degree has cha...","TertiaryAttribute":null,"Payload":{"QuestionText":"Since beginning classes at UNO, how would you say your motivation to complete your degree has changed?","DataExportTag":"Q32","QuestionType":"MC","Selector":"SAVR","SubSelector":"TX","DataVisibility":{"Private":false,"Hidden":false},"Configuration":{"QuestionDescriptionOption":"UseText"},"QuestionDescription":"Since beginning classes at UNO, how would you say your motivation to complete your degree has cha...","Choices":{"1":{"Display":"My motivation has increased."},"2":{"Display":"My motivation has stayed the same."},"3":{"Display":"My motivation has decreased."}},"ChoiceOrder":["1","2","3"],"Validation":{"Settings":{"ForceResponse":"OFF","Type":"None"}},"Language":[],"NextChoiceId":4,"NextAnswerId":1,"QuestionID":"QID32"}},{"SurveyID":"SV_8fbjlbDWJH786mq","Element":"SQ","PrimaryAttribute":"QID33","SecondaryAttribute":"Have you communicated outside of class with your peers?","TertiaryAttribute":null,"Payload":{"QuestionText":"Have you communicated outside of class with your peers?","DataExportTag":"Q33","QuestionType":"MC","Selector":"SAVR","SubSelector":"TX","DataVisibility":{"Private":false,"Hidden":false},"Configuration":{"QuestionDescriptionOption":"UseText"},"QuestionDescription":"Have you communicated outside of class with your peers?","Choices":{"1":{"Display":"Yes."},"2":{"Display":"No."},"3":{"Display":"Prefer not to say."}},"ChoiceOrder":[1,2,3],"Validation":{"Settings":{"ForceResponse":"OFF","Type":"None"}},"Language":[],"NextChoiceId":4,"NextAnswerId":1,"QuestionID":"QID33"}},{"SurveyID":"SV_8fbjlbDWJH786mq","Element":"SQ","PrimaryAttribute":"QID34","SecondaryAttribute":"Outside of required appointments, how many times have you contacted your academic advisor since b...","TertiaryAttribute":null,"Payload":{"QuestionText":"Outside of required appointments, how many times have you contacted your academic advisor since beginning at UNO?","DataExportTag":"Q34","QuestionType":"MC","Selector":"SAVR","SubSelector":"TX","DataVisibility":{"Private":false,"Hidden":false},"Configuration":{"QuestionDescriptionOption":"UseText"},"QuestionDescription":"Outside of required appointments, how many times have you contacted your academic advisor since b...","Choices":{"1":{"Display":"0"},"2":{"Display":"1"},"3":{"Display":"2"},"4":{"Display":"3"},"5":{"Display":"4+"}},"ChoiceOrder":[1,2,3,4,5],"Validation":{"Settings":{"ForceResponse":"OFF","Type":"None"}},"Language":[],"NextChoiceId":6,"NextAnswerId":1,"QuestionID":"QID34"}},{"SurveyID":"SV_8fbjlbDWJH786mq","Element":"SQ","PrimaryAttribute":"QID35","SecondaryAttribute":"Do you have a job on or off campus?","TertiaryAttribute":null,"Payload":{"QuestionText":"Do you have a job on or off campus?","DataExportTag":"Q35","QuestionType":"MC","Selector":"SAVR","SubSelector":"TX","DataVisibility":{"Private":false,"Hidden":false},"Configuration":{"QuestionDescriptionOption":"UseText"},"QuestionDescription":"Do you have a job on or off campus?","Choices":{"1":{"Display":"Yes, on campus."},"2":{"Display":"Yes, off campus."},"3":{"Display":"No."}},"ChoiceOrder":["1","2","3"],"Validation":{"Settings":{"ForceResponse":"OFF","Type":"None"}},"Language":[],"NextChoiceId":4,"NextAnswerId":1,"QuestionID":"QID35"}},{"SurveyID":"SV_8fbjlbDWJH786mq","Element":"SQ","PrimaryAttribute":"QID36","SecondaryAttribute":"How many hours per week do you work on average?","TertiaryAttribute":null,"Payload":{"QuestionText":"How many hours per week do you work on average?","DefaultChoices":false,"DataExportTag":"Q36","QuestionID":"QID36","QuestionType":"MC","Selector":"SAVR","SubSelector":"TX","DataVisibility":{"Private":false,"Hidden":false},"Configuration":{"QuestionDescriptionOption":"UseText"},"QuestionDescription":"How many hours per week do you work on average?","Choices":{"1":{"Display":"0-5 hours."},"2":{"Display":"5-10 hours."},"3":{"Display":"10-15 hours."},"4":{"Display":"15-20 hours."},"5":{"Display":"20-25 hours."},"6":{"Display":"25-30 hours."},"7":{"Display":"30+ hours."}},"ChoiceOrder":[1,2,3,4,5,6,7],"Validation":{"Settings":{"ForceResponse":"OFF","Type":"None"}},"GradingData":[],"Language":[],"NextChoiceId":8,"NextAnswerId":1}},{"SurveyID":"SV_8fbjlbDWJH786mq","Element":"SQ","PrimaryAttribute":"QID37","SecondaryAttribute":"Suppose you had $100 in a savings account and the interest rate was 2% per year. After 5 years, h...","TertiaryAttribute":null,"Payload":{"QuestionText":"Suppose you had $100 in a savings account and the interest rate was 2% per year. After 5 years, how much do you think you would have in the account if you left the money to grow?","DataExportTag":"Q37","QuestionType":"MC","Selector":"SAVR","SubSelector":"TX","DataVisibility":{"Private":false,"Hidden":false},"Configuration":{"QuestionDescriptionOption":"UseText"},"QuestionDescription":"Suppose you had $100 in a savings account and the interest rate was 2% per year. After 5 years, h...","Choices":{"1":{"Display":"More than $102."},"2":{"Display":"Exactly $102."},"3":{"Display":"Less than $102."},"4":{"Display":"Don't know."},"5":{"Display":"Prefer not to say."}},"ChoiceOrder":["1","2","3","4","5"],"Validation":{"Settings":{"ForceResponse":"OFF","Type":"None"}},"Language":[],"NextChoiceId":6,"NextAnswerId":1,"QuestionID":"QID37"}},{"SurveyID":"SV_8fbjlbDWJH786mq","Element":"SQ","PrimaryAttribute":"QID38","SecondaryAttribute":"Imagine that the interest rate on your savings account was 1% per year and inflation was 2% per y...","TertiaryAttribute":null,"Payload":{"QuestionText":"Imagine that the interest rate on your savings account was 1% per year and inflation was 2% per year. After 1 year, how much would you be able to buy with the money in this account?","DataExportTag":"Q38","QuestionType":"MC","Selector":"SAVR","SubSelector":"TX","DataVisibility":{"Private":false,"Hidden":false},"Configuration":{"QuestionDescriptionOption":"UseText"},"QuestionDescription":"Imagine that the interest rate on your savings account was 1% per year and inflation was 2% per y...","Choices":{"1":{"Display":"More than today."},"2":{"Display":"Exactly the same."},"3":{"Display":"Less than today."},"4":{"Display":"Don't know."},"5":{"Display":"Prefer not to say."}},"ChoiceOrder":["1","2","3","4","5"],"Validation":{"Settings":{"ForceResponse":"OFF","Type":"None"}},"Language":[],"NextChoiceId":6,"NextAnswerId":1,"QuestionID":"QID38"}},{"SurveyID":"SV_8fbjlbDWJH786mq","Element":"SQ","PrimaryAttribute":"QID39","SecondaryAttribute":"If interest rates rise, what will typically happen to bond prices?","TertiaryAttribute":null,"Payload":{"QuestionText":"If interest rates rise, what will typically happen to bond prices?","DataExportTag":"Q39","QuestionType":"MC","Selector":"SAVR","SubSelector":"TX","DataVisibility":{"Private":false,"Hidden":false},"Configuration":{"QuestionDescriptionOption":"UseText"},"QuestionDescription":"If interest rates rise, what will typically happen to bond prices?","Choices":{"1":{"Display":"They will rise."},"2":{"Display":"They will fall."},"3":{"Display":"They will stay the same."},"4":{"Display":"There is not relationship between bond prices and interest rates."},"5":{"Display":"Don't know."},"6":{"Display":"Prefer not to say."}},"ChoiceOrder":[1,2,3,4,5,6],"Validation":{"Settings":{"ForceResponse":"OFF","Type":"None"}},"Language":[],"NextChoiceId":7,"NextAnswerId":1,"QuestionID":"QID39"}},{"SurveyID":"SV_8fbjlbDWJH786mq","Element":"SQ","PrimaryAttribute":"QID40","SecondaryAttribute":"A 15-year mortgage typically requires higher monthly payments than a 30-year mortgage, but the to...","TertiaryAttribute":null,"Payload":{"QuestionText":"A 15-year mortgage typically requires higher monthly payments than a 30-year mortgage, but the total interest paid over the life of the loan will be less.","DataExportTag":"Q40","QuestionType":"MC","Selector":"SAVR","SubSelector":"TX","DataVisibility":{"Private":false,"Hidden":false},"Configuration":{"QuestionDescriptionOption":"UseText"},"QuestionDescription":"A 15-year mortgage typically requires higher monthly payments than a 30-year mortgage, but the to...","Choices":{"1":{"Display":"True."},"2":{"Display":"False."},"3":{"Display":"Don't know."},"4":{"Display":"Prefer not to say."}},"ChoiceOrder":[1,2,3,4],"Validation":{"Settings":{"ForceResponse":"OFF","Type":"None"}},"Language":[],"NextChoiceId":5,"NextAnswerId":1,"QuestionID":"QID40"}},{"SurveyID":"SV_8fbjlbDWJH786mq","Element":"SQ","PrimaryAttribute":"QID41","SecondaryAttribute":"Buying a single company's stock usually provides safer return than a stock mutual fund.","TertiaryAttribute":null,"Payload":{"QuestionText":"Buying a single company's stock usually provides safer return than a stock mutual fund.","DataExportTag":"Q41","QuestionType":"MC","Selector":"SAVR","SubSelector":"TX","DataVisibility":{"Private":false,"Hidden":false},"Configuration":{"QuestionDescriptionOption":"UseText"},"QuestionDescription":"Buying a single company's stock usually provides safer return than a stock mutual fund.","Choices":{"1":{"Display":"True."},"2":{"Display":"False."},"3":{"Display":"Don't know."},"4":{"Display":"Prefer not to say."}},"ChoiceOrder":[1,2,3,4],"Validation":{"Settings":{"ForceResponse":"OFF","Type":"None"}},"Language":[],"NextChoiceId":5,"NextAnswerId":1,"QuestionID":"QID41"}},{"SurveyID":"SV_8fbjlbDWJH786mq","Element":"SQ","PrimaryAttribute":"QID43","SecondaryAttribute":"How do you identify?","TertiaryAttribute":null,"Payload":{"QuestionText":"How do you identify?","DataExportTag":"Q43","QuestionType":"MC","Selector":"SAVR","SubSelector":"TX","DataVisibility":{"Private":false,"Hidden":false},"Configuration":{"QuestionDescriptionOption":"UseText","Autoscale":{"YScale":{"Name":"maleFemale","Type":"likert","Reverse":false}}},"QuestionDescription":"How do you identify?","Choices":{"1":{"Display":"Male"},"2":{"Display":"Female"},"3":{"Display":"Non-binary \/ third gender"},"4":{"Display":"Prefer not to say"}},"ChoiceOrder":["1","2","3","4"],"Validation":{"Settings":{"ForceResponse":"OFF","Type":"None"}},"Language":[],"NextChoiceId":5,"NextAnswerId":1,"QuestionID":"QID43"}},{"SurveyID":"SV_8fbjlbDWJH786mq","Element":"SQ","PrimaryAttribute":"QID44","SecondaryAttribute":"With what race do you most identify?","TertiaryAttribute":null,"Payload":{"QuestionText":"With what race do you most identify?","DataExportTag":"Q44","QuestionType":"MC","Selector":"SAVR","SubSelector":"TX","DataVisibility":{"Private":false,"Hidden":false},"Configuration":{"QuestionDescriptionOption":"UseText"},"QuestionDescription":"With what race do you most identify?","Choices":{"1":{"Display":"White or Caucasian"},"2":{"Display":"Black or African American"},"3":{"Display":"American Indian\/Native American or Alaska Native"},"4":{"Display":"Asian"},"5":{"Display":"Native Hawaiian or Other Pacific Islander"},"6":{"Display":"Other"},"7":{"Display":"Prefer not to say"}},"ChoiceOrder":[1,2,3,4,5,6,7],"Validation":{"Settings":{"ForceResponse":"OFF","Type":"None"}},"Language":[],"NextChoiceId":8,"NextAnswerId":1,"QuestionID":"QID44"}},{"SurveyID":"SV_8fbjlbDWJH786mq","Element":"SQ","PrimaryAttribute":"QID5","SecondaryAttribute":"Is English your first language?","TertiaryAttribute":null,"Payload":{"QuestionText":"Is English your first language?","DataExportTag":"Q5","QuestionType":"MC","Selector":"SAVR","SubSelector":"TX","DataVisibility":{"Private":false,"Hidden":false},"Configuration":{"QuestionDescriptionOption":"UseText"},"QuestionDescription":"Is English your first language?","Choices":{"1":{"Display":"Yes"},"2":{"Display":"No"}},"ChoiceOrder":[1,2],"Validation":{"Settings":{"ForceResponse":"OFF","Type":"None"}},"Language":[],"NextChoiceId":3,"NextAnswerId":1,"QuestionID":"QID5"}},{"SurveyID":"SV_8fbjlbDWJH786mq","Element":"SQ","PrimaryAttribute":"QID6","SecondaryAttribute":"What is your Major?","TertiaryAttribute":null,"Payload":{"QuestionText":"What is your Major?","DefaultChoices":false,"DataExportTag":"Q6","QuestionType":"TE","Selector":"ML","DataVisibility":{"Private":false,"Hidden":false},"Configuration":{"QuestionDescriptionOption":"UseText"},"QuestionDescription":"What is your Major?","Validation":{"Settings":{"ForceResponse":"OFF","Type":"None"}},"GradingData":[],"Language":[],"NextChoiceId":4,"NextAnswerId":1,"SearchSource":{"AllowFreeResponse":"false"},"QuestionID":"QID6"}},{"SurveyID":"SV_8fbjlbDWJH786mq","Element":"SQ","PrimaryAttribute":"QID7","SecondaryAttribute":"Where do you live during the school year?","TertiaryAttribute":null,"Payload":{"QuestionText":"Where do you live during the school year?","DataExportTag":"Q7","QuestionType":"MC","Selector":"SAVR","SubSelector":"TX","DataVisibility":{"Private":false,"Hidden":false},"Configuration":{"QuestionDescriptionOption":"UseText"},"QuestionDescription":"Where do you live during the school year?","Choices":{"1":{"Display":"In a dormitory or some other student housing."},"2":{"Display":"Residence within walking distance to campus."},"3":{"Display":"Residence within driving distance."},"4":{"Display":"Residence beyond driving distance."}},"ChoiceOrder":[1,2,3,4],"Validation":{"Settings":{"ForceResponse":"OFF","Type":"None"}},"Language":[],"NextChoiceId":5,"NextAnswerId":1,"QuestionID":"QID7"}},{"SurveyID":"SV_8fbjlbDWJH786mq","Element":"SQ","PrimaryAttribute":"QID8","SecondaryAttribute":"With whom do you live during the school year?","TertiaryAttribute":null,"Payload":{"QuestionText":"With whom do you live during the school year?","DataExportTag":"Q8","QuestionType":"MC","Selector":"SAVR","SubSelector":"TX","DataVisibility":{"Private":false,"Hidden":false},"Configuration":{"QuestionDescriptionOption":"UseText"},"QuestionDescription":"With whom do you live during the school year?","Choices":{"1":{"Display":"I live alone."},"2":{"Display":"With one or more other students."},"3":{"Display":"With family."},"4":{"Display":"With friends who are not students at the university I'm attending."}},"ChoiceOrder":[1,2,3,4],"Validation":{"Settings":{"ForceResponse":"OFF","Type":"None"}},"Language":[],"NextChoiceId":5,"NextAnswerId":1,"QuestionID":"QID8"}},{"SurveyID":"SV_8fbjlbDWJH786mq","Element":"SQ","PrimaryAttribute":"QID9","SecondaryAttribute":"How far do you live from your parent(s)\/primary guardian(s)?","TertiaryAttribute":null,"Payload":{"QuestionText":"How far do you live from your parent(s)\/primary guardian(s)?","DataExportTag":"Q9","QuestionType":"MC","Selector":"SAVR","SubSelector":"TX","DataVisibility":{"Private":false,"Hidden":false},"Configuration":{"QuestionDescriptionOption":"UseText"},"QuestionDescription":"How far do you live from your parent(s)\/primary guardian(s)?","Choices":{"1":{"Display":"Less than 10 miles."},"2":{"Display":"10-40 miles."},"3":{"Display":"40-70 miles."},"4":{"Display":"70+ miles."}},"ChoiceOrder":[1,2,3,4],"Validation":{"Settings":{"ForceResponse":"OFF","Type":"None"}},"Language":[],"NextChoiceId":5,"NextAnswerId":1,"QuestionID":"QID9"}},{"SurveyID":"SV_8fbjlbDWJH786mq","Element":"STAT","PrimaryAttribute":"Survey Statistics","SecondaryAttribute":null,"TertiaryAttribute":null,"Payload":{"MobileCompatible":true,"ID":"Survey Statistics"}}]}